
Microsoft Visual Studio Solution File, Format Version 12.00
# Visual Studio 15
VisualStudioVersion = 15.0.27130.0
MinimumVisualStudioVersion = 10.0.40219.1
Project("{FAE04EC0-301F-11D3-BF4B-00C04F79EFBC}") = "DownGoogleImg", "DownGoogleImg\DownGoogleImg.csproj", "{81DE2C4F-E19E-455B-9DF6-6343BD2A3041}"
EndProject
Global
	GlobalSection(SolutionConfigurationPlatforms) = preSolution
		Debug|Any CPU = Debug|Any CPU
		Release|Any CPU = Release|Any CPU
	EndGlobalSection
	GlobalSection(ProjectConfigurationPlatforms) = postSolution
		{81DE2C4F-E19E-455B-9DF6-6343BD2A3041}.Debug|Any CPU.ActiveCfg = Debug|Any CPU
		{81DE2C4F-E19E-455B-9DF6-6343BD2A3041}.Debug|Any CPU.Build.0 = Debug|Any CPU
		{81DE2C4F-E19E-455B-9DF6-6343BD2A3041}.Release|Any CPU.ActiveCfg = Release|Any CPU
		{81DE2C4F-E19E-455B-9DF6-6343BD2A3041}.Release|Any CPU.Build.0 = Release|Any CPU
	EndGlobalSection
	GlobalSection(SolutionProperties) = preSolution
		HideSolutionNode = FALSE
	EndGlobalSection
	GlobalSection(ExtensibilityGlobals) = postSolution
		SolutionGuid = {CEF01939-7761-4F41-BCC3-54D3BE780C89}
	EndGlobalSection
EndGlobal
